
Microsoft Visual Studio Solution File, Format Version 9.00
# Visual Studio 2005
Project("{8BC9CEB8-8B4A-11D0-8D11-00A0C91BC942}") = "Odorless Portable Engine", "Odorless Portable Engine - 2005.vcproj", "{80CE4403-0C46-4EC6-9F8B-76F958BB68AB}"
EndProject
Global
	GlobalSection(SubversionScc) = preSolution
		Svn-Managed = True
		Manager = AnkhSVN - Subversion Support for Visual Studio
	EndGlobalSection
	GlobalSection(SolutionConfigurationPlatforms) = preSolution
		Debug|Win32 = Debug|Win32
		Release|Win32 = Release|Win32
	EndGlobalSection
	GlobalSection(ProjectConfigurationPlatforms) = postSolution
		{80CE4403-0C46-4EC6-9F8B-76F958BB68AB}.Debug|Win32.ActiveCfg = Debug|Win32
		{80CE4403-0C46-4EC6-9F8B-76F958BB68AB}.Debug|Win32.Build.0 = Debug|Win32
		{80CE4403-0C46-4EC6-9F8B-76F958BB68AB}.Release|Win32.ActiveCfg = Release|Win32
		{80CE4403-0C46-4EC6-9F8B-76F958BB68AB}.Release|Win32.Build.0 = Release|Win32
	EndGlobalSection
	GlobalSection(SolutionProperties) = preSolution
		HideSolutionNode = FALSE
	EndGlobalSection
EndGlobal
